
Microsoft Visual Studio Solution File, Format Version 12.00
# Visual Studio Version 17
VisualStudioVersion = 17.0.32014.148
MinimumVisualStudioVersion = 10.0.40219.1
Project("{9A19103F-16F7-4668-BE54-9A1E7A4F7556}") = "BuberDinner.Api", "BuberDinner.Api\BuberDinner.Api.csproj", "{A07474E8-38FE-4D80-94DB-DAF75FBAD797}"
EndProject
Project("{9A19103F-16F7-4668-BE54-9A1E7A4F7556}") = "BuberDinner.Contracts", "BuberDinner.Contracts\BuberDinner.Contracts.csproj", "{C6F637E2-EB39-4C53-8164-4544A55C2402}"
EndProject
Project("{9A19103F-16F7-4668-BE54-9A1E7A4F7556}") = "BuberDinner.Infrastructure", "BuberDinner.Infrastructure\BuberDinner.Infrastructure.csproj", "{96F44995-E013-4031-ACFD-628F4073FC97}"
EndProject
Project("{9A19103F-16F7-4668-BE54-9A1E7A4F7556}") = "BuberDinner.Application", "BuberDinner.Application\BuberDinner.Application.csproj", "{57002207-95C3-444E-8EB1-BFF69A21AC2F}"
EndProject
Project("{9A19103F-16F7-4668-BE54-9A1E7A4F7556}") = "BuberDinner.Domain", "BuberDinner.Domain\BuberDinner.Domain.csproj", "{1021C7D5-4DCC-41AC-B5A8-860A69067842}"
EndProject
Project("{2150E333-8FDC-42A3-9474-1A3956D46DE8}") = "DOCS", "DOCS", "{FB440213-35C6-4282-810E-3F900AFD2A29}"
	ProjectSection(SolutionItems) = preProject
		Api.md = Api.md
		DomainModels.md = DomainModels.md
	EndProjectSection
EndProject
Global
	GlobalSection(SolutionConfigurationPlatforms) = preSolution
		Debug|Any CPU = Debug|Any CPU
		Release|Any CPU = Release|Any CPU
	EndGlobalSection
	GlobalSection(ProjectConfigurationPlatforms) = postSolution
		{A07474E8-38FE-4D80-94DB-DAF75FBAD797}.Debug|Any CPU.ActiveCfg = Debug|Any CPU
		{A07474E8-38FE-4D80-94DB-DAF75FBAD797}.Debug|Any CPU.Build.0 = Debug|Any CPU
		{A07474E8-38FE-4D80-94DB-DAF75FBAD797}.Release|Any CPU.ActiveCfg = Release|Any CPU
		{A07474E8-38FE-4D80-94DB-DAF75FBAD797}.Release|Any CPU.Build.0 = Release|Any CPU
		{C6F637E2-EB39-4C53-8164-4544A55C2402}.Debug|Any CPU.ActiveCfg = Debug|Any CPU
		{C6F637E2-EB39-4C53-8164-4544A55C2402}.Debug|Any CPU.Build.0 = Debug|Any CPU
		{C6F637E2-EB39-4C53-8164-4544A55C2402}.Release|Any CPU.ActiveCfg = Release|Any CPU
		{C6F637E2-EB39-4C53-8164-4544A55C2402}.Release|Any CPU.Build.0 = Release|Any CPU
		{96F44995-E013-4031-ACFD-628F4073FC97}.Debug|Any CPU.ActiveCfg = Debug|Any CPU
		{96F44995-E013-4031-ACFD-628F4073FC97}.Debug|Any CPU.Build.0 = Debug|Any CPU
		{96F44995-E013-4031-ACFD-628F4073FC97}.Release|Any CPU.ActiveCfg = Release|Any CPU
		{96F44995-E013-4031-ACFD-628F4073FC97}.Release|Any CPU.Build.0 = Release|Any CPU
		{57002207-95C3-444E-8EB1-BFF69A21AC2F}.Debug|Any CPU.ActiveCfg = Debug|Any CPU
		{57002207-95C3-444E-8EB1-BFF69A21AC2F}.Debug|Any CPU.Build.0 = Debug|Any CPU
		{57002207-95C3-444E-8EB1-BFF69A21AC2F}.Release|Any CPU.ActiveCfg = Release|Any CPU
		{57002207-95C3-444E-8EB1-BFF69A21AC2F}.Release|Any CPU.Build.0 = Release|Any CPU
		{1021C7D5-4DCC-41AC-B5A8-860A69067842}.Debug|Any CPU.ActiveCfg = Debug|Any CPU
		{1021C7D5-4DCC-41AC-B5A8-860A69067842}.Debug|Any CPU.Build.0 = Debug|Any CPU
		{1021C7D5-4DCC-41AC-B5A8-860A69067842}.Release|Any CPU.ActiveCfg = Release|Any CPU
		{1021C7D5-4DCC-41AC-B5A8-860A69067842}.Release|Any CPU.Build.0 = Release|Any CPU
	EndGlobalSection
	GlobalSection(SolutionProperties) = preSolution
		HideSolutionNode = FALSE
	EndGlobalSection
	GlobalSection(ExtensibilityGlobals) = postSolution
		SolutionGuid = {290DF05F-89C3-489A-B400-1E357EDB8FB1}
	EndGlobalSection
EndGlobal
